// !$*UTF8*$!
{
	archiveVersion = 1;
	classes = {
	};
	objectVersion = 46;
	objects = {

/* Begin PBXBuildFile section */
		7013BC2E1CE141260029546A /* main.m in Sources */ = {isa = PBXBuildFile; fileRef = 7013BC2D1CE141260029546A /* main.m */; };
		7013BC311CE141260029546A /* AppDelegate.m in Sources */ = {isa = PBXBuildFile; fileRef = 7013BC301CE141260029546A /* AppDelegate.m */; };
		7013BC341CE141260029546A /* ViewController.m in Sources */ = {isa = PBXBuildFile; fileRef = 7013BC331CE141260029546A /* ViewController.m */; };
		7013BC371CE141260029546A /* Main.storyboard in Resources */ = {isa = PBXBuildFile; fileRef = 7013BC351CE141260029546A /* Main.storyboard */; };
		7013BC391CE141260029546A /* Assets.xcassets in Resources */ = {isa = PBXBuildFile; fileRef = 7013BC381CE141260029546A /* Assets.xcassets */; };
		7013BC3C1CE141260029546A /* LaunchScreen.storyboard in Resources */ = {isa = PBXBuildFile; fileRef = 7013BC3A1CE141260029546A /* LaunchScreen.storyboard */; };
		7013BC471CE141260029546A /* CatchEmTests.m in Sources */ = {isa = PBXBuildFile; fileRef = 7013BC461CE141260029546A /* CatchEmTests.m */; };
		7013BC521CE141260029546A /* CatchEmUITests.m in Sources */ = {isa = PBXBuildFile; fileRef = 7013BC511CE141260029546A /* CatchEmUITests.m */; };
		7013BC571CE141260029546A /* CatchEm WatchKit App.app in Embed Watch Content */ = {isa = PBXBuildFile; fileRef = 7013BC561CE141260029546A /* CatchEm WatchKit App.app */; };
		7013BC5D1CE141260029546A /* Interface.storyboard in Resources */ = {isa = PBXBuildFile; fileRef = 7013BC5B1CE141260029546A /* Interface.storyboard */; };
		7013BC5F1CE141260029546A /* Assets.xcassets in Resources */ = {isa = PBXBuildFile; fileRef = 7013BC5E1CE141260029546A /* Assets.xcassets */; };
		7013BC661CE141260029546A /* CatchEm WatchKit Extension.appex in Embed App Extensions */ = {isa = PBXBuildFile; fileRef = 7013BC651CE141260029546A /* CatchEm WatchKit Extension.appex */; settings = {ATTRIBUTES = (RemoveHeadersOnCopy, ); }; };
		7013BC6E1CE141260029546A /* InterfaceController.m in Sources */ = {isa = PBXBuildFile; fileRef = 7013BC6D1CE141260029546A /* InterfaceController.m */; };
		7013BC711CE141260029546A /* ExtensionDelegate.m in Sources */ = {isa = PBXBuildFile; fileRef = 7013BC701CE141260029546A /* ExtensionDelegate.m */; };
		7013BC741CE141260029546A /* NotificationController.m in Sources */ = {isa = PBXBuildFile; fileRef = 7013BC731CE141260029546A /* NotificationController.m */; };
		7013BC761CE141260029546A /* Assets.xcassets in Resources */ = {isa = PBXBuildFile; fileRef = 7013BC751CE141260029546A /* Assets.xcassets */; };
/* End PBXBuildFile section */

/* Begin PBXContainerItemProxy section */
		7013BC431CE141260029546A /* PBXContainerItemProxy */ = {
			isa = PBXContainerItemProxy;
			containerPortal = 7013BC211CE141250029546A /* Project object */;
			proxyType = 1;
			remoteGlobalIDString = 7013BC281CE141250029546A;
			remoteInfo = CatchEm;
		};
		7013BC4E1CE141260029546A /* PBXContainerItemProxy */ = {
			isa = PBXContainerItemProxy;
			containerPortal = 7013BC211CE141250029546A /* Project object */;
			proxyType = 1;
			remoteGlobalIDString = 7013BC281CE141250029546A;
			remoteInfo = CatchEm;
		};
		7013BC581CE141260029546A /* PBXContainerItemProxy */ = {
			isa = PBXContainerItemProxy;
			containerPortal = 7013BC211CE141250029546A /* Project object */;
			proxyType = 1;
			remoteGlobalIDString = 7013BC551CE141260029546A;
			remoteInfo = "CatchEm WatchKit App";
		};
		7013BC671CE141260029546A /* PBXContainerItemProxy */ = {
			isa = PBXContainerItemProxy;
			containerPortal = 7013BC211CE141250029546A /* Project object */;
			proxyType = 1;
			remoteGlobalIDString = 7013BC641CE141260029546A;
			remoteInfo = "CatchEm WatchKit Extension";
		};
/* End PBXContainerItemProxy section */

/* Begin PBXCopyFilesBuildPhase section */
		7013BC7D1CE141260029546A /* Embed App Extensions */ = {
			isa = PBXCopyFilesBuildPhase;
			buildActionMask = 2147483647;
			dstPath = "";
			dstSubfolderSpec = 13;
			files = (
				7013BC661CE141260029546A /* CatchEm WatchKit Extension.appex in Embed App Extensions */,
			);
			name = "Embed App Extensions";
			runOnlyForDeploymentPostprocessing = 0;
		};
		7013BC811CE141260029546A /* Embed Watch Content */ = {
			isa = PBXCopyFilesBuildPhase;
			buildActionMask = 2147483647;
			dstPath = "$(CONTENTS_FOLDER_PATH)/Watch";
			dstSubfolderSpec = 16;
			files = (
				7013BC571CE141260029546A /* CatchEm WatchKit App.app in Embed Watch Content */,
			);
			name = "Embed Watch Content";
			runOnlyForDeploymentPostprocessing = 0;
		};
/* End PBXCopyFilesBuildPhase section */

/* Begin PBXFileReference section */
		7013BC291CE141260029546A /* CatchEm.app */ = {isa = PBXFileReference; explicitFileType = wrapper.application; includeInIndex = 0; path = CatchEm.app; sourceTree = BUILT_PRODUCTS_DIR; };
		7013BC2D1CE141260029546A /* main.m */ = {isa = PBXFileReference; lastKnownFileType = sourcecode.c.objc; path = main.m; sourceTree = "<group>"; };
		7013BC2F1CE141260029546A /* AppDelegate.h */ = {isa = PBXFileReference; lastKnownFileType = sourcecode.c.h; path = AppDelegate.h; sourceTree = "<group>"; };
		7013BC301CE141260029546A /* AppDelegate.m */ = {isa = PBXFileReference; lastKnownFileType = sourcecode.c.objc; path = AppDelegate.m; sourceTree = "<group>"; };
		7013BC321CE141260029546A /* ViewController.h */ = {isa = PBXFileReference; lastKnownFileType = sourcecode.c.h; path = ViewController.h; sourceTree = "<group>"; };
		7013BC331CE141260029546A /* ViewController.m */ = {isa = PBXFileReference; lastKnownFileType = sourcecode.c.objc; path = ViewController.m; sourceTree = "<group>"; };
		7013BC361CE141260029546A /* Base */ = {isa = PBXFileReference; lastKnownFileType = file.storyboard; name = Base; path = Base.lproj/Main.storyboard; sourceTree = "<group>"; };
		7013BC381CE141260029546A /* Assets.xcassets */ = {isa = PBXFileReference; lastKnownFileType = folder.assetcatalog; path = Assets.xcassets; sourceTree = "<group>"; };
		7013BC3B1CE141260029546A /* Base */ = {isa = PBXFileReference; lastKnownFileType = file.storyboard; name = Base; path = Base.lproj/LaunchScreen.storyboard; sourceTree = "<group>"; };
		7013BC3D1CE141260029546A /* Info.plist */ = {isa = PBXFileReference; lastKnownFileType = text.plist.xml; path = Info.plist; sourceTree = "<group>"; };
		7013BC421CE141260029546A /* CatchEmTests.xctest */ = {isa = PBXFileReference; explicitFileType = wrapper.cfbundle; includeInIndex = 0; path = CatchEmTests.xctest; sourceTree = BUILT_PRODUCTS_DIR; };
		7013BC461CE141260029546A /* CatchEmTests.m */ = {isa = PBXFileReference; lastKnownFileType = sourcecode.c.objc; path = CatchEmTests.m; sourceTree = "<group>"; };
		7013BC481CE141260029546A /* Info.plist */ = {isa = PBXFileReference; lastKnownFileType = text.plist.xml; path = Info.plist; sourceTree = "<group>"; };
		7013BC4D1CE141260029546A /* CatchEmUITests.xctest */ = {isa = PBXFileReference; explicitFileType = wrapper.cfbundle; includeInIndex = 0; path = CatchEmUITests.xctest; sourceTree = BUILT_PRODUCTS_DIR; };
		7013BC511CE141260029546A /* CatchEmUITests.m */ = {isa = PBXFileReference; lastKnownFileType = sourcecode.c.objc; path = CatchEmUITests.m; sourceTree = "<group>"; };
		7013BC531CE141260029546A /* Info.plist */ = {isa = PBXFileReference; lastKnownFileType = text.plist.xml; path = Info.plist; sourceTree = "<group>"; };
		7013BC561CE141260029546A /* CatchEm WatchKit App.app */ = {isa = PBXFileReference; explicitFileType = wrapper.application; includeInIndex = 0; path = "CatchEm WatchKit App.app"; sourceTree = BUILT_PRODUCTS_DIR; };
		7013BC5C1CE141260029546A /* Base */ = {isa = PBXFileReference; lastKnownFileType = file.storyboard; name = Base; path = Base.lproj/Interface.storyboard; sourceTree = "<group>"; };
		7013BC5E1CE141260029546A /* Assets.xcassets */ = {isa = PBXFileReference; lastKnownFileType = folder.assetcatalog; path = Assets.xcassets; sourceTree = "<group>"; };
		7013BC601CE141260029546A /* Info.plist */ = {isa = PBXFileReference; lastKnownFileType = text.plist.xml; path = Info.plist; sourceTree = "<group>"; };
		7013BC651CE141260029546A /* CatchEm WatchKit Extension.appex */ = {isa = PBXFileReference; explicitFileType = "wrapper.app-extension"; includeInIndex = 0; path = "CatchEm WatchKit Extension.appex"; sourceTree = BUILT_PRODUCTS_DIR; };
		7013BC6B1CE141260029546A /* PushNotificationPayload.apns */ = {isa = PBXFileReference; lastKnownFileType = text; path = PushNotificationPayload.apns; sourceTree = "<group>"; };
		7013BC6C1CE141260029546A /* InterfaceController.h */ = {isa = PBXFileReference; lastKnownFileType = sourcecode.c.h; path = InterfaceController.h; sourceTree = "<group>"; };
		7013BC6D1CE141260029546A /* InterfaceController.m */ = {isa = PBXFileReference; lastKnownFileType = sourcecode.c.objc; path = InterfaceController.m; sourceTree = "<group>"; };
		7013BC6F1CE141260029546A /* ExtensionDelegate.h */ = {isa = PBXFileReference; lastKnownFileType = sourcecode.c.h; path = ExtensionDelegate.h; sourceTree = "<group>"; };
		7013BC701CE141260029546A /* ExtensionDelegate.m */ = {isa = PBXFileReference; lastKnownFileType = sourcecode.c.objc; path = ExtensionDelegate.m; sourceTree = "<group>"; };
		7013BC721CE141260029546A /* NotificationController.h */ = {isa = PBXFileReference; lastKnownFileType = sourcecode.c.h; path = NotificationController.h; sourceTree = "<group>"; };
		7013BC731CE141260029546A /* NotificationController.m */ = {isa = PBXFileReference; lastKnownFileType = sourcecode.c.objc; path = NotificationController.m; sourceTree = "<group>"; };
		7013BC751CE141260029546A /* Assets.xcassets */ = {isa = PBXFileReference; lastKnownFileType = folder.assetcatalog; path = Assets.xcassets; sourceTree = "<group>"; };
		7013BC771CE141260029546A /* Info.plist */ = {isa = PBXFileReference; lastKnownFileType = text.plist.xml; path = Info.plist; sourceTree = "<group>"; };
/* End PBXFileReference section */

/* Begin PBXFrameworksBuildPhase section */
		7013BC261CE141250029546A /* Frameworks */ = {
			isa = PBXFrameworksBuildPhase;
			buildActionMask = 2147483647;
			files = (
			);
			runOnlyForDeploymentPostprocessing = 0;
		};
		7013BC3F1CE141260029546A /* Frameworks */ = {
			isa = PBXFrameworksBuildPhase;
			buildActionMask = 2147483647;
			files = (
			);
			runOnlyForDeploymentPostprocessing = 0;
		};
		7013BC4A1CE141260029546A /* Frameworks */ = {
			isa = PBXFrameworksBuildPhase;
			buildActionMask = 2147483647;
			files = (
			);
			runOnlyForDeploymentPostprocessing = 0;
		};
		7013BC621CE141260029546A /* Frameworks */ = {
			isa = PBXFrameworksBuildPhase;
			buildActionMask = 2147483647;
			files = (
			);
			runOnlyForDeploymentPostprocessing = 0;
		};
/* End PBXFrameworksBuildPhase section */

/* Begin PBXGroup section */
		7013BC201CE141250029546A = {
			isa = PBXGroup;
			children = (
				7013BC2B1CE141260029546A /* CatchEm */,
				7013BC451CE141260029546A /* CatchEmTests */,
				7013BC501CE141260029546A /* CatchEmUITests */,
				7013BC5A1CE141260029546A /* CatchEm WatchKit App */,
				7013BC691CE141260029546A /* CatchEm WatchKit Extension */,
				7013BC2A1CE141260029546A /* Products */,
			);
			sourceTree = "<group>";
		};
		7013BC2A1CE141260029546A /* Products */ = {
			isa = PBXGroup;
			children = (
				7013BC291CE141260029546A /* CatchEm.app */,
				7013BC421CE141260029546A /* CatchEmTests.xctest */,
				7013BC4D1CE141260029546A /* CatchEmUITests.xctest */,
				7013BC561CE141260029546A /* CatchEm WatchKit App.app */,
				7013BC651CE141260029546A /* CatchEm WatchKit Extension.appex */,
			);
			name = Products;
			sourceTree = "<group>";
		};
		7013BC2B1CE141260029546A /* CatchEm */ = {
			isa = PBXGroup;
			children = (
				7013BC2F1CE141260029546A /* AppDelegate.h */,
				7013BC301CE141260029546A /* AppDelegate.m */,
				7013BC321CE141260029546A /* ViewController.h */,
				7013BC331CE141260029546A /* ViewController.m */,
				7013BC351CE141260029546A /* Main.storyboard */,
				7013BC381CE141260029546A /* Assets.xcassets */,
				7013BC3A1CE141260029546A /* LaunchScreen.storyboard */,
				7013BC3D1CE141260029546A /* Info.plist */,
				7013BC2C1CE141260029546A /* Supporting Files */,
			);
			path = CatchEm;
			sourceTree = "<group>";
		};
		7013BC2C1CE141260029546A /* Supporting Files */ = {
			isa = PBXGroup;
			children = (
				7013BC2D1CE141260029546A /* main.m */,
			);
			name = "Supporting Files";
			sourceTree = "<group>";
		};
		7013BC451CE141260029546A /* CatchEmTests */ = {
			isa = PBXGroup;
			children = (
				7013BC461CE141260029546A /* CatchEmTests.m */,
				7013BC481CE141260029546A /* Info.plist */,
			);
			path = CatchEmTests;
			sourceTree = "<group>";
		};
		7013BC501CE141260029546A /* CatchEmUITests */ = {
			isa = PBXGroup;
			children = (
				7013BC511CE141260029546A /* CatchEmUITests.m */,
				7013BC531CE141260029546A /* Info.plist */,
			);
			path = CatchEmUITests;
			sourceTree = "<group>";
		};
		7013BC5A1CE141260029546A /* CatchEm WatchKit App */ = {
			isa = PBXGroup;
			children = (
				7013BC5B1CE141260029546A /* Interface.storyboard */,
				7013BC5E1CE141260029546A /* Assets.xcassets */,
				7013BC601CE141260029546A /* Info.plist */,
			);
			path = "CatchEm WatchKit App";
			sourceTree = "<group>";
		};
		7013BC691CE141260029546A /* CatchEm WatchKit Extension */ = {
			isa = PBXGroup;
			children = (
				7013BC6C1CE141260029546A /* InterfaceController.h */,
				7013BC6D1CE141260029546A /* InterfaceController.m */,
				7013BC6F1CE141260029546A /* ExtensionDelegate.h */,
				7013BC701CE141260029546A /* ExtensionDelegate.m */,
				7013BC721CE141260029546A /* NotificationController.h */,
				7013BC731CE141260029546A /* NotificationController.m */,
				7013BC751CE141260029546A /* Assets.xcassets */,
				7013BC771CE141260029546A /* Info.plist */,
				7013BC6A1CE141260029546A /* Supporting Files */,
			);
			path = "CatchEm WatchKit Extension";
			sourceTree = "<group>";
		};
		7013BC6A1CE141260029546A /* Supporting Files */ = {
			isa = PBXGroup;
			children = (
				7013BC6B1CE141260029546A /* PushNotificationPayload.apns */,
			);
			name = "Supporting Files";
			sourceTree = "<group>";
		};
/* End PBXGroup section */

/* Begin PBXNativeTarget section */
		7013BC281CE141250029546A /* CatchEm */ = {
			isa = PBXNativeTarget;
			buildConfigurationList = 7013BC821CE141260029546A /* Build configuration list for PBXNativeTarget "CatchEm" */;
			buildPhases = (
				7013BC251CE141250029546A /* Sources */,
				7013BC261CE141250029546A /* Frameworks */,
				7013BC271CE141250029546A /* Resources */,
				7013BC811CE141260029546A /* Embed Watch Content */,
			);
			buildRules = (
			);
			dependencies = (
				7013BC591CE141260029546A /* PBXTargetDependency */,
			);
			name = CatchEm;
			productName = CatchEm;
			productReference = 7013BC291CE141260029546A /* CatchEm.app */;
			productType = "com.apple.product-type.application";
		};
		7013BC411CE141260029546A /* CatchEmTests */ = {
			isa = PBXNativeTarget;
			buildConfigurationList = 7013BC851CE141260029546A /* Build configuration list for PBXNativeTarget "CatchEmTests" */;
			buildPhases = (
				7013BC3E1CE141260029546A /* Sources */,
				7013BC3F1CE141260029546A /* Frameworks */,
				7013BC401CE141260029546A /* Resources */,
			);
			buildRules = (
			);
			dependencies = (
				7013BC441CE141260029546A /* PBXTargetDependency */,
			);
			name = CatchEmTests;
			productName = CatchEmTests;
			productReference = 7013BC421CE141260029546A /* CatchEmTests.xctest */;
			productType = "com.apple.product-type.bundle.unit-test";
		};
		7013BC4C1CE141260029546A /* CatchEmUITests */ = {
			isa = PBXNativeTarget;
			buildConfigurationList = 7013BC881CE141260029546A /* Build configuration list for PBXNativeTarget "CatchEmUITests" */;
			buildPhases = (
				7013BC491CE141260029546A /* Sources */,
				7013BC4A1CE141260029546A /* Frameworks */,
				7013BC4B1CE141260029546A /* Resources */,
			);
			buildRules = (
			);
			dependencies = (
				7013BC4F1CE141260029546A /* PBXTargetDependency */,
			);
			name = CatchEmUITests;
			productName = CatchEmUITests;
			productReference = 7013BC4D1CE141260029546A /* CatchEmUITests.xctest */;
			productType = "com.apple.product-type.bundle.ui-testing";
		};
		7013BC551CE141260029546A /* CatchEm WatchKit App */ = {
			isa = PBXNativeTarget;
			buildConfigurationList = 7013BC7E1CE141260029546A /* Build configuration list for PBXNativeTarget "CatchEm WatchKit App" */;
			buildPhases = (
				7013BC541CE141260029546A /* Resources */,
				7013BC7D1CE141260029546A /* Embed App Extensions */,
			);
			buildRules = (
			);
			dependencies = (
				7013BC681CE141260029546A /* PBXTargetDependency */,
			);
			name = "CatchEm WatchKit App";
			productName = "CatchEm WatchKit App";
			productReference = 7013BC561CE141260029546A /* CatchEm WatchKit App.app */;
			productType = "com.apple.product-type.application.watchapp2";
		};
		7013BC641CE141260029546A /* CatchEm WatchKit Extension */ = {
			isa = PBXNativeTarget;
			buildConfigurationList = 7013BC7A1CE141260029546A /* Build configuration list for PBXNativeTarget "CatchEm WatchKit Extension" */;
			buildPhases = (
				7013BC611CE141260029546A /* Sources */,
				7013BC621CE141260029546A /* Frameworks */,
				7013BC631CE141260029546A /* Resources */,
			);
			buildRules = (
			);
			dependencies = (
			);
			name = "CatchEm WatchKit Extension";
			productName = "CatchEm WatchKit Extension";
			productReference = 7013BC651CE141260029546A /* CatchEm WatchKit Extension.appex */;
			productType = "com.apple.product-type.watchkit2-extension";
		};
/* End PBXNativeTarget section */

/* Begin PBXProject section */
		7013BC211CE141250029546A /* Project object */ = {
			isa = PBXProject;
			attributes = {
				LastUpgradeCheck = 0730;
				ORGANIZATIONNAME = Netflix;
				TargetAttributes = {
					7013BC281CE141250029546A = {
						CreatedOnToolsVersion = 7.3.1;
					};
					7013BC411CE141260029546A = {
						CreatedOnToolsVersion = 7.3.1;
						TestTargetID = 7013BC281CE141250029546A;
					};
					7013BC4C1CE141260029546A = {
						CreatedOnToolsVersion = 7.3.1;
						TestTargetID = 7013BC281CE141250029546A;
					};
					7013BC551CE141260029546A = {
						CreatedOnToolsVersion = 7.3.1;
					};
					7013BC641CE141260029546A = {
						CreatedOnToolsVersion = 7.3.1;
					};
				};
			};
			buildConfigurationList = 7013BC241CE141250029546A /* Build configuration list for PBXProject "CatchEm" */;
			compatibilityVersion = "Xcode 3.2";
			developmentRegion = English;
			hasScannedForEncodings = 0;
			knownRegions = (
				en,
				Base,
			);
			mainGroup = 7013BC201CE141250029546A;
			productRefGroup = 7013BC2A1CE141260029546A /* Products */;
			projectDirPath = "";
			projectRoot = "";
			targets = (
				7013BC281CE141250029546A /* CatchEm */,
				7013BC411CE141260029546A /* CatchEmTests */,
				7013BC4C1CE141260029546A /* CatchEmUITests */,
				7013BC551CE141260029546A /* CatchEm WatchKit App */,
				7013BC641CE141260029546A /* CatchEm WatchKit Extension */,
			);
		};
/* End PBXProject section */

/* Begin PBXResourcesBuildPhase section */
		7013BC271CE141250029546A /* Resources */ = {
			isa = PBXResourcesBuildPhase;
			buildActionMask = 2147483647;
			files = (
				7013BC3C1CE141260029546A /* LaunchScreen.storyboard in Resources */,
				7013BC391CE141260029546A /* Assets.xcassets in Resources */,
				7013BC371CE141260029546A /* Main.storyboard in Resources */,
			);
			runOnlyForDeploymentPostprocessing = 0;
		};
		7013BC401CE141260029546A /* Resources */ = {
			isa = PBXResourcesBuildPhase;
			buildActionMask = 2147483647;
			files = (
			);
			runOnlyForDeploymentPostprocessing = 0;
		};
		7013BC4B1CE141260029546A /* Resources */ = {
			isa = PBXResourcesBuildPhase;
			buildActionMask = 2147483647;
			files = (
			);
			runOnlyForDeploymentPostprocessing = 0;
		};
		7013BC541CE141260029546A /* Resources */ = {
			isa = PBXResourcesBuildPhase;
			buildActionMask = 2147483647;
			files = (
				7013BC5F1CE141260029546A /* Assets.xcassets in Resources */,
				7013BC5D1CE141260029546A /* Interface.storyboard in Resources */,
			);
			runOnlyForDeploymentPostprocessing = 0;
		};
		7013BC631CE141260029546A /* Resources */ = {
			isa = PBXResourcesBuildPhase;
			buildActionMask = 2147483647;
			files = (
				7013BC761CE141260029546A /* Assets.xcassets in Resources */,
			);
			runOnlyForDeploymentPostprocessing = 0;
		};
/* End PBXResourcesBuildPhase section */

/* Begin PBXSourcesBuildPhase section */
		7013BC251CE141250029546A /* Sources */ = {
			isa = PBXSourcesBuildPhase;
			buildActionMask = 2147483647;
			files = (
				7013BC341CE141260029546A /* ViewController.m in Sources */,
				7013BC311CE141260029546A /* AppDelegate.m in Sources */,
				7013BC2E1CE141260029546A /* main.m in Sources */,
			);
			runOnlyForDeploymentPostprocessing = 0;
		};
		7013BC3E1CE141260029546A /* Sources */ = {
			isa = PBXSourcesBuildPhase;
			buildActionMask = 2147483647;
			files = (
				7013BC471CE141260029546A /* CatchEmTests.m in Sources */,
			);
			runOnlyForDeploymentPostprocessing = 0;
		};
		7013BC491CE141260029546A /* Sources */ = {
			isa = PBXSourcesBuildPhase;
			buildActionMask = 2147483647;
			files = (
				7013BC521CE141260029546A /* CatchEmUITests.m in Sources */,
			);
			runOnlyForDeploymentPostprocessing = 0;
		};
		7013BC611CE141260029546A /* Sources */ = {
			isa = PBXSourcesBuildPhase;
			buildActionMask = 2147483647;
			files = (
				7013BC711CE141260029546A /* ExtensionDelegate.m in Sources */,
				7013BC6E1CE141260029546A /* InterfaceController.m in Sources */,
				7013BC741CE141260029546A /* NotificationController.m in Sources */,
			);
			runOnlyForDeploymentPostprocessing = 0;
		};
/* End PBXSourcesBuildPhase section */

/* Begin PBXTargetDependency section */
		7013BC441CE141260029546A /* PBXTargetDependency */ = {
			isa = PBXTargetDependency;
			target = 7013BC281CE141250029546A /* CatchEm */;
			targetProxy = 7013BC431CE141260029546A /* PBXContainerItemProxy */;
		};
		7013BC4F1CE141260029546A /* PBXTargetDependency */ = {
			isa = PBXTargetDependency;
			target = 7013BC281CE141250029546A /* CatchEm */;
			targetProxy = 7013BC4E1CE141260029546A /* PBXContainerItemProxy */;
		};
		7013BC591CE141260029546A /* PBXTargetDependency */ = {
			isa = PBXTargetDependency;
			target = 7013BC551CE141260029546A /* CatchEm WatchKit App */;
			targetProxy = 7013BC581CE141260029546A /* PBXContainerItemProxy */;
		};
		7013BC681CE141260029546A /* PBXTargetDependency */ = {
			isa = PBXTargetDependency;
			target = 7013BC641CE141260029546A /* CatchEm WatchKit Extension */;
			targetProxy = 7013BC671CE141260029546A /* PBXContainerItemProxy */;
		};
/* End PBXTargetDependency section */

/* Begin PBXVariantGroup section */
		7013BC351CE141260029546A /* Main.storyboard */ = {
			isa = PBXVariantGroup;
			children = (
				7013BC361CE141260029546A /* Base */,
			);
			name = Main.storyboard;
			sourceTree = "<group>";
		};
		7013BC3A1CE141260029546A /* LaunchScreen.storyboard */ = {
			isa = PBXVariantGroup;
			children = (
				7013BC3B1CE141260029546A /* Base */,
			);
			name = LaunchScreen.storyboard;
			sourceTree = "<group>";
		};
		7013BC5B1CE141260029546A /* Interface.storyboard */ = {
			isa = PBXVariantGroup;
			children = (
				7013BC5C1CE141260029546A /* Base */,
			);
			name = Interface.storyboard;
			sourceTree = "<group>";
		};
/* End PBXVariantGroup section */

/* Begin XCBuildConfiguration section */
		7013BC781CE141260029546A /* Debug */ = {
			isa = XCBuildConfiguration;
			buildSettings = {
				ALWAYS_SEARCH_USER_PATHS = NO;
				CLANG_ANALYZER_NONNULL = YES;
				CLANG_CXX_LANGUAGE_STANDARD = "gnu++0x";
				CLANG_CXX_LIBRARY = "libc++";
				CLANG_ENABLE_MODULES = YES;
				CLANG_ENABLE_OBJC_ARC = YES;
				CLANG_WARN_BOOL_CONVERSION = YES;
				CLANG_WARN_CONSTANT_CONVERSION = YES;
				CLANG_WARN_DIRECT_OBJC_ISA_USAGE = YES_ERROR;
				CLANG_WARN_EMPTY_BODY = YES;
				CLANG_WARN_ENUM_CONVERSION = YES;
				CLANG_WARN_INT_CONVERSION = YES;
				CLANG_WARN_OBJC_ROOT_CLASS = YES_ERROR;
				CLANG_WARN_UNREACHABLE_CODE = YES;
				CLANG_WARN__DUPLICATE_METHOD_MATCH = YES;
				"CODE_SIGN_IDENTITY[sdk=iphoneos*]" = "iPhone Developer";
				COPY_PHASE_STRIP = NO;
				DEBUG_INFORMATION_FORMAT = dwarf;
				ENABLE_STRICT_OBJC_MSGSEND = YES;
				ENABLE_TESTABILITY = YES;
				GCC_C_LANGUAGE_STANDARD = gnu99;
				GCC_DYNAMIC_NO_PIC = NO;
				GCC_NO_COMMON_BLOCKS = YES;
				GCC_OPTIMIZATION_LEVEL = 0;
				GCC_PREPROCESSOR_DEFINITIONS = (
					"DEBUG=1",
					"$(inherited)",
				);
				GCC_WARN_64_TO_32_BIT_CONVERSION = YES;
				GCC_WARN_ABOUT_RETURN_TYPE = YES_ERROR;
				GCC_WARN_UNDECLARED_SELECTOR = YES;
				GCC_WARN_UNINITIALIZED_AUTOS = YES_AGGRESSIVE;
				GCC_WARN_UNUSED_FUNCTION = YES;
				GCC_WARN_UNUSED_VARIABLE = YES;
				IPHONEOS_DEPLOYMENT_TARGET = 9.3;
				MTL_ENABLE_DEBUG_INFO = YES;
				ONLY_ACTIVE_ARCH = YES;
				SDKROOT = iphoneos;
				TARGETED_DEVICE_FAMILY = "1,2";
			};
			name = Debug;
		};
		7013BC791CE141260029546A /* Release */ = {
			isa = XCBuildConfiguration;
			buildSettings = {
				ALWAYS_SEARCH_USER_PATHS = NO;
				CLANG_ANALYZER_NONNULL = YES;
				CLANG_CXX_LANGUAGE_STANDARD = "gnu++0x";
				CLANG_CXX_LIBRARY = "libc++";
				CLANG_ENABLE_MODULES = YES;
				CLANG_ENABLE_OBJC_ARC = YES;
				CLANG_WARN_BOOL_CONVERSION = YES;
				CLANG_WARN_CONSTANT_CONVERSION = YES;
				CLANG_WARN_DIRECT_OBJC_ISA_USAGE = YES_ERROR;
				CLANG_WARN_EMPTY_BODY = YES;
				CLANG_WARN_ENUM_CONVERSION = YES;
				CLANG_WARN_INT_CONVERSION = YES;
				CLANG_WARN_OBJC_ROOT_CLASS = YES_ERROR;
				CLANG_WARN_UNREACHABLE_CODE = YES;
				CLANG_WARN__DUPLICATE_METHOD_MATCH = YES;
				"CODE_SIGN_IDENTITY[sdk=iphoneos*]" = "iPhone Developer";
				COPY_PHASE_STRIP = NO;
				DEBUG_INFORMATION_FORMAT = "dwarf-with-dsym";
				ENABLE_NS_ASSERTIONS = NO;
				ENABLE_STRICT_OBJC_MSGSEND = YES;
				GCC_C_LANGUAGE_STANDARD = gnu99;
				GCC_NO_COMMON_BLOCKS = YES;
				GCC_WARN_64_TO_32_BIT_CONVERSION = YES;
				GCC_WARN_ABOUT_RETURN_TYPE = YES_ERROR;
				GCC_WARN_UNDECLARED_SELECTOR = YES;
				GCC_WARN_UNINITIALIZED_AUTOS = YES_AGGRESSIVE;
				GCC_WARN_UNUSED_FUNCTION = YES;
				GCC_WARN_UNUSED_VARIABLE = YES;
				IPHONEOS_DEPLOYMENT_TARGET = 9.3;
				MTL_ENABLE_DEBUG_INFO = NO;
				SDKROOT = iphoneos;
				TARGETED_DEVICE_FAMILY = "1,2";
				VALIDATE_PRODUCT = YES;
			};
			name = Release;
		};
		7013BC7B1CE141260029546A /* Debug */ = {
			isa = XCBuildConfiguration;
			buildSettings = {
				INFOPLIST_FILE = "CatchEm WatchKit Extension/Info.plist";
				LD_RUNPATH_SEARCH_PATHS = "$(inherited) @executable_path/Frameworks @executable_path/../../Frameworks";
				PRODUCT_BUNDLE_IDENTIFIER = com.netflix.CatchEm.watchkitapp.watchkitextension;
				PRODUCT_NAME = "${TARGET_NAME}";
				SDKROOT = watchos;
				SKIP_INSTALL = YES;
				TARGETED_DEVICE_FAMILY = 4;
				WATCHOS_DEPLOYMENT_TARGET = 2.2;
			};
			name = Debug;
		};
		7013BC7C1CE141260029546A /* Release */ = {
			isa = XCBuildConfiguration;
			buildSettings = {
				INFOPLIST_FILE = "CatchEm WatchKit Extension/Info.plist";
				LD_RUNPATH_SEARCH_PATHS = "$(inherited) @executable_path/Frameworks @executable_path/../../Frameworks";
				PRODUCT_BUNDLE_IDENTIFIER = com.netflix.CatchEm.watchkitapp.watchkitextension;
				PRODUCT_NAME = "${TARGET_NAME}";
				SDKROOT = watchos;
				SKIP_INSTALL = YES;
				TARGETED_DEVICE_FAMILY = 4;
				WATCHOS_DEPLOYMENT_TARGET = 2.2;
			};
			name = Release;
		};
		7013BC7F1CE141260029546A /* Debug */ = {
			isa = XCBuildConfiguration;
			buildSettings = {
				ASSETCATALOG_COMPILER_APPICON_NAME = AppIcon;
				IBSC_MODULE = CatchEm_WatchKit_Extension;
				INFOPLIST_FILE = "CatchEm WatchKit App/Info.plist";
				PRODUCT_BUNDLE_IDENTIFIER = com.netflix.CatchEm.watchkitapp;
				PRODUCT_NAME = "$(TARGET_NAME)";
				SDKROOT = watchos;
				SKIP_INSTALL = YES;
				TARGETED_DEVICE_FAMILY = 4;
				WATCHOS_DEPLOYMENT_TARGET = 2.2;
			};
			name = Debug;
		};
		7013BC801CE141260029546A /* Release */ = {
			isa = XCBuildConfiguration;
			buildSettings = {
				ASSETCATALOG_COMPILER_APPICON_NAME = AppIcon;
				IBSC_MODULE = CatchEm_WatchKit_Extension;
				INFOPLIST_FILE = "CatchEm WatchKit App/Info.plist";
				PRODUCT_BUNDLE_IDENTIFIER = com.netflix.CatchEm.watchkitapp;
				PRODUCT_NAME = "$(TARGET_NAME)";
				SDKROOT = watchos;
				SKIP_INSTALL = YES;
				TARGETED_DEVICE_FAMILY = 4;
				WATCHOS_DEPLOYMENT_TARGET = 2.2;
			};
			name = Release;
		};
		7013BC831CE141260029546A /* Debug */ = {
			isa = XCBuildConfiguration;
			buildSettings = {
				ASSETCATALOG_COMPILER_APPICON_NAME = AppIcon;
				INFOPLIST_FILE = CatchEm/Info.plist;
				LD_RUNPATH_SEARCH_PATHS = "$(inherited) @executable_path/Frameworks";
				PRODUCT_BUNDLE_IDENTIFIER = com.netflix.CatchEm;
				PRODUCT_NAME = "$(TARGET_NAME)";
			};
			name = Debug;
		};
		7013BC841CE141260029546A /* Release */ = {
			isa = XCBuildConfiguration;
			buildSettings = {
				ASSETCATALOG_COMPILER_APPICON_NAME = AppIcon;
				INFOPLIST_FILE = CatchEm/Info.plist;
				LD_RUNPATH_SEARCH_PATHS = "$(inherited) @executable_path/Frameworks";
				PRODUCT_BUNDLE_IDENTIFIER = com.netflix.CatchEm;
				PRODUCT_NAME = "$(TARGET_NAME)";
			};
			name = Release;
		};
		7013BC861CE141260029546A /* Debug */ = {
			isa = XCBuildConfiguration;
			buildSettings = {
				BUNDLE_LOADER = "$(TEST_HOST)";
				INFOPLIST_FILE = CatchEmTests/Info.plist;
				LD_RUNPATH_SEARCH_PATHS = "$(inherited) @executable_path/Frameworks @loader_path/Frameworks";
				PRODUCT_BUNDLE_IDENTIFIER = com.netflix.CatchEmTests;
				PRODUCT_NAME = "$(TARGET_NAME)";
				TEST_HOST = "$(BUILT_PRODUCTS_DIR)/CatchEm.app/CatchEm";
			};
			name = Debug;
		};
		7013BC871CE141260029546A /* Release */ = {
			isa = XCBuildConfiguration;
			buildSettings = {
				BUNDLE_LOADER = "$(TEST_HOST)";
				INFOPLIST_FILE = CatchEmTests/Info.plist;
				LD_RUNPATH_SEARCH_PATHS = "$(inherited) @executable_path/Frameworks @loader_path/Frameworks";
				PRODUCT_BUNDLE_IDENTIFIER = com.netflix.CatchEmTests;
				PRODUCT_NAME = "$(TARGET_NAME)";
				TEST_HOST = "$(BUILT_PRODUCTS_DIR)/CatchEm.app/CatchEm";
			};
			name = Release;
		};
		7013BC891CE141260029546A /* Debug */ = {
			isa = XCBuildConfiguration;
			buildSettings = {
				INFOPLIST_FILE = CatchEmUITests/Info.plist;
				LD_RUNPATH_SEARCH_PATHS = "$(inherited) @executable_path/Frameworks @loader_path/Frameworks";
				PRODUCT_BUNDLE_IDENTIFIER = com.netflix.CatchEmUITests;
				PRODUCT_NAME = "$(TARGET_NAME)";
				TEST_TARGET_NAME = CatchEm;
			};
			name = Debug;
		};
		7013BC8A1CE141260029546A /* Release */ = {
			isa = XCBuildConfiguration;
			buildSettings = {
				INFOPLIST_FILE = CatchEmUITests/Info.plist;
				LD_RUNPATH_SEARCH_PATHS = "$(inherited) @executable_path/Frameworks @loader_path/Frameworks";
				PRODUCT_BUNDLE_IDENTIFIER = com.netflix.CatchEmUITests;
				PRODUCT_NAME = "$(TARGET_NAME)";
				TEST_TARGET_NAME = CatchEm;
			};
			name = Release;
		};
/* End XCBuildConfiguration section */

/* Begin XCConfigurationList section */
		7013BC241CE141250029546A /* Build configuration list for PBXProject "CatchEm" */ = {
			isa = XCConfigurationList;
			buildConfigurations = (
				7013BC781CE141260029546A /* Debug */,
				7013BC791CE141260029546A /* Release */,
			);
			defaultConfigurationIsVisible = 0;
			defaultConfigurationName = Release;
		};
		7013BC7A1CE141260029546A /* Build configuration list for PBXNativeTarget "CatchEm WatchKit Extension" */ = {
			isa = XCConfigurationList;
			buildConfigurations = (
				7013BC7B1CE141260029546A /* Debug */,
				7013BC7C1CE141260029546A /* Release */,
			);
			defaultConfigurationIsVisible = 0;
		};
		7013BC7E1CE141260029546A /* Build configuration list for PBXNativeTarget "CatchEm WatchKit App" */ = {
			isa = XCConfigurationList;
			buildConfigurations = (
				7013BC7F1CE141260029546A /* Debug */,
				7013BC801CE141260029546A /* Release */,
			);
			defaultConfigurationIsVisible = 0;
		};
		7013BC821CE141260029546A /* Build configuration list for PBXNativeTarget "CatchEm" */ = {
			isa = XCConfigurationList;
			buildConfigurations = (
				7013BC831CE141260029546A /* Debug */,
				7013BC841CE141260029546A /* Release */,
			);
			defaultConfigurationIsVisible = 0;
		};
		7013BC851CE141260029546A /* Build configuration list for PBXNativeTarget "CatchEmTests" */ = {
			isa = XCConfigurationList;
			buildConfigurations = (
				7013BC861CE141260029546A /* Debug */,
				7013BC871CE141260029546A /* Release */,
			);
			defaultConfigurationIsVisible = 0;
		};
		7013BC881CE141260029546A /* Build configuration list for PBXNativeTarget "CatchEmUITests" */ = {
			isa = XCConfigurationList;
			buildConfigurations = (
				7013BC891CE141260029546A /* Debug */,
				7013BC8A1CE141260029546A /* Release */,
			);
			defaultConfigurationIsVisible = 0;
		};
/* End XCConfigurationList section */
	};
	rootObject = 7013BC211CE141250029546A /* Project object */;
}
